
Microsoft Visual Studio Solution File, Format Version 12.00
# Visual Studio Version 17
VisualStudioVersion = 17.4.33205.214
MinimumVisualStudioVersion = 10.0.40219.1
Project("{FAE04EC0-301F-11D3-BF4B-00C04F79EFBC}") = "Ulesanne2", "Ulesanne2.csproj", "{6204658B-DA2C-40CF-9998-CED1E7ABF19C}"
EndProject
Global
	GlobalSection(SolutionConfigurationPlatforms) = preSolution
		Debug|Any CPU = Debug|Any CPU
		Release|Any CPU = Release|Any CPU
	EndGlobalSection
	GlobalSection(ProjectConfigurationPlatforms) = postSolution
		{6204658B-DA2C-40CF-9998-CED1E7ABF19C}.Debug|Any CPU.ActiveCfg = Debug|Any CPU
		{6204658B-DA2C-40CF-9998-CED1E7ABF19C}.Debug|Any CPU.Build.0 = Debug|Any CPU
		{6204658B-DA2C-40CF-9998-CED1E7ABF19C}.Release|Any CPU.ActiveCfg = Release|Any CPU
		{6204658B-DA2C-40CF-9998-CED1E7ABF19C}.Release|Any CPU.Build.0 = Release|Any CPU
	EndGlobalSection
	GlobalSection(SolutionProperties) = preSolution
		HideSolutionNode = FALSE
	EndGlobalSection
	GlobalSection(ExtensibilityGlobals) = postSolution
		SolutionGuid = {32066109-CF1D-472C-81DC-47606813CE2A}
	EndGlobalSection
EndGlobal
